
Microsoft Visual Studio Solution File, Format Version 12.00
# Visual Studio Version 17
VisualStudioVersion = 17.5.002.0
MinimumVisualStudioVersion = 10.0.40219.1
Project("{9A19103F-16F7-4668-BE54-9A1E7A4F7556}") = "der", "der.csproj", "{66C4979F-D1C5-4FBF-8ECD-92C1CB011F12}"
EndProject
Global
	GlobalSection(SolutionConfigurationPlatforms) = preSolution
		Debug|Any CPU = Debug|Any CPU
		Release|Any CPU = Release|Any CPU
	EndGlobalSection
	GlobalSection(ProjectConfigurationPlatforms) = postSolution
		{66C4979F-D1C5-4FBF-8ECD-92C1CB011F12}.Debug|Any CPU.ActiveCfg = Debug|Any CPU
		{66C4979F-D1C5-4FBF-8ECD-92C1CB011F12}.Debug|Any CPU.Build.0 = Debug|Any CPU
		{66C4979F-D1C5-4FBF-8ECD-92C1CB011F12}.Release|Any CPU.ActiveCfg = Release|Any CPU
		{66C4979F-D1C5-4FBF-8ECD-92C1CB011F12}.Release|Any CPU.Build.0 = Release|Any CPU
	EndGlobalSection
	GlobalSection(SolutionProperties) = preSolution
		HideSolutionNode = FALSE
	EndGlobalSection
	GlobalSection(ExtensibilityGlobals) = postSolution
		SolutionGuid = {4370DB4E-D7D5-422A-B17E-D12599D86DB6}
	EndGlobalSection
EndGlobal
